// !$*UTF8*$!
{
	archiveVersion = 1;
	classes = {
	};
	objectVersion = 46;
	objects = {

/* Begin PBXBuildFile section */
		6B3D01B01494E38F00ED6DCA /* UIKit.framework in Frameworks */ = {isa = PBXBuildFile; fileRef = 6B3D01AF1494E38F00ED6DCA /* UIKit.framework */; };
		6B3D01B21494E38F00ED6DCA /* Foundation.framework in Frameworks */ = {isa = PBXBuildFile; fileRef = 6B3D01B11494E38F00ED6DCA /* Foundation.framework */; };
		6B3D01B41494E38F00ED6DCA /* CoreGraphics.framework in Frameworks */ = {isa = PBXBuildFile; fileRef = 6B3D01B31494E38F00ED6DCA /* CoreGraphics.framework */; };
		6B3D01BA1494E38F00ED6DCA /* InfoPlist.strings in Resources */ = {isa = PBXBuildFile; fileRef = 6B3D01B81494E38F00ED6DCA /* InfoPlist.strings */; };
		6B3D01BC1494E38F00ED6DCA /* main.m in Sources */ = {isa = PBXBuildFile; fileRef = 6B3D01BB1494E38F00ED6DCA /* main.m */; };
		6B3D01C01494E38F00ED6DCA /* AppDelegate.m in Sources */ = {isa = PBXBuildFile; fileRef = 6B3D01BF1494E38F00ED6DCA /* AppDelegate.m */; };
		6B3D01C31494E38F00ED6DCA /* ViewController.m in Sources */ = {isa = PBXBuildFile; fileRef = 6B3D01C21494E38F00ED6DCA /* ViewController.m */; };
		6B3D01C61494E39000ED6DCA /* ViewController.xib in Resources */ = {isa = PBXBuildFile; fileRef = 6B3D01C41494E38F00ED6DCA /* ViewController.xib */; };
/* End PBXBuildFile section */

/* Begin PBXFileReference section */
		6B3D01AB1494E38F00ED6DCA /* NavigationBarDemo.app */ = {isa = PBXFileReference; explicitFileType = wrapper.application; includeInIndex = 0; path = NavigationBarDemo.app; sourceTree = BUILT_PRODUCTS_DIR; };
		6B3D01AF1494E38F00ED6DCA /* UIKit.framework */ = {isa = PBXFileReference; lastKnownFileType = wrapper.framework; name = UIKit.framework; path = System/Library/Frameworks/UIKit.framework; sourceTree = SDKROOT; };
		6B3D01B11494E38F00ED6DCA /* Foundation.framework */ = {isa = PBXFileReference; lastKnownFileType = wrapper.framework; name = Foundation.framework; path = System/Library/Frameworks/Foundation.framework; sourceTree = SDKROOT; };
		6B3D01B31494E38F00ED6DCA /* CoreGraphics.framework */ = {isa = PBXFileReference; lastKnownFileType = wrapper.framework; name = CoreGraphics.framework; path = System/Library/Frameworks/CoreGraphics.framework; sourceTree = SDKROOT; };
		6B3D01B71494E38F00ED6DCA /* NavigationBarDemo-Info.plist */ = {isa = PBXFileReference; lastKnownFileType = text.plist.xml; path = "NavigationBarDemo-Info.plist"; sourceTree = "<group>"; };
		6B3D01B91494E38F00ED6DCA /* en */ = {isa = PBXFileReference; lastKnownFileType = text.plist.strings; name = en; path = en.lproj/InfoPlist.strings; sourceTree = "<group>"; };
		6B3D01BB1494E38F00ED6DCA /* main.m */ = {isa = PBXFileReference; lastKnownFileType = sourcecode.c.objc; path = main.m; sourceTree = "<group>"; };
		6B3D01BD1494E38F00ED6DCA /* NavigationBarDemo-Prefix.pch */ = {isa = PBXFileReference; lastKnownFileType = sourcecode.c.h; path = "NavigationBarDemo-Prefix.pch"; sourceTree = "<group>"; };
		6B3D01BE1494E38F00ED6DCA /* AppDelegate.h */ = {isa = PBXFileReference; lastKnownFileType = sourcecode.c.h; path = AppDelegate.h; sourceTree = "<group>"; };
		6B3D01BF1494E38F00ED6DCA /* AppDelegate.m */ = {isa = PBXFileReference; lastKnownFileType = sourcecode.c.objc; path = AppDelegate.m; sourceTree = "<group>"; };
		6B3D01C11494E38F00ED6DCA /* ViewController.h */ = {isa = PBXFileReference; lastKnownFileType = sourcecode.c.h; path = ViewController.h; sourceTree = "<group>"; };
		6B3D01C21494E38F00ED6DCA /* ViewController.m */ = {isa = PBXFileReference; lastKnownFileType = sourcecode.c.objc; path = ViewController.m; sourceTree = "<group>"; };
		6B3D01C51494E39000ED6DCA /* en */ = {isa = PBXFileReference; lastKnownFileType = file.xib; name = en; path = en.lproj/ViewController.xib; sourceTree = "<group>"; };
/* End PBXFileReference section */

/* Begin PBXFrameworksBuildPhase section */
		6B3D01A81494E38F00ED6DCA /* Frameworks */ = {
			isa = PBXFrameworksBuildPhase;
			buildActionMask = 2147483647;
			files = (
				6B3D01B01494E38F00ED6DCA /* UIKit.framework in Frameworks */,
				6B3D01B21494E38F00ED6DCA /* Foundation.framework in Frameworks */,
				6B3D01B41494E38F00ED6DCA /* CoreGraphics.framework in Frameworks */,
			);
			runOnlyForDeploymentPostprocessing = 0;
		};
/* End PBXFrameworksBuildPhase section */

/* Begin PBXGroup section */
		6B3D01A01494E38F00ED6DCA = {
			isa = PBXGroup;
			children = (
				6B3D01B51494E38F00ED6DCA /* NavigationBarDemo */,
				6B3D01AE1494E38F00ED6DCA /* Frameworks */,
				6B3D01AC1494E38F00ED6DCA /* Products */,
			);
			sourceTree = "<group>";
		};
		6B3D01AC1494E38F00ED6DCA /* Products */ = {
			isa = PBXGroup;
			children = (
				6B3D01AB1494E38F00ED6DCA /* NavigationBarDemo.app */,
			);
			name = Products;
			sourceTree = "<group>";
		};
		6B3D01AE1494E38F00ED6DCA /* Frameworks */ = {
			isa = PBXGroup;
			children = (
				6B3D01AF1494E38F00ED6DCA /* UIKit.framework */,
				6B3D01B11494E38F00ED6DCA /* Foundation.framework */,
				6B3D01B31494E38F00ED6DCA /* CoreGraphics.framework */,
			);
			name = Frameworks;
			sourceTree = "<group>";
		};
		6B3D01B51494E38F00ED6DCA /* NavigationBarDemo */ = {
			isa = PBXGroup;
			children = (
				6B3D01BE1494E38F00ED6DCA /* AppDelegate.h */,
				6B3D01BF1494E38F00ED6DCA /* AppDelegate.m */,
				6B3D01C11494E38F00ED6DCA /* ViewController.h */,
				6B3D01C21494E38F00ED6DCA /* ViewController.m */,
				6B3D01C41494E38F00ED6DCA /* ViewController.xib */,
				6B3D01B61494E38F00ED6DCA /* Supporting Files */,
			);
			path = NavigationBarDemo;
			sourceTree = "<group>";
		};
		6B3D01B61494E38F00ED6DCA /* Supporting Files */ = {
			isa = PBXGroup;
			children = (
				6B3D01B71494E38F00ED6DCA /* NavigationBarDemo-Info.plist */,
				6B3D01B81494E38F00ED6DCA /* InfoPlist.strings */,
				6B3D01BB1494E38F00ED6DCA /* main.m */,
				6B3D01BD1494E38F00ED6DCA /* NavigationBarDemo-Prefix.pch */,
			);
			name = "Supporting Files";
			sourceTree = "<group>";
		};
/* End PBXGroup section */

/* Begin PBXNativeTarget section */
		6B3D01AA1494E38F00ED6DCA /* NavigationBarDemo */ = {
			isa = PBXNativeTarget;
			buildConfigurationList = 6B3D01C91494E39000ED6DCA /* Build configuration list for PBXNativeTarget "NavigationBarDemo" */;
			buildPhases = (
				6B3D01A71494E38F00ED6DCA /* Sources */,
				6B3D01A81494E38F00ED6DCA /* Frameworks */,
				6B3D01A91494E38F00ED6DCA /* Resources */,
			);
			buildRules = (
			);
			dependencies = (
			);
			name = NavigationBarDemo;
			productName = NavigationBarDemo;
			productReference = 6B3D01AB1494E38F00ED6DCA /* NavigationBarDemo.app */;
			productType = "com.apple.product-type.application";
		};
/* End PBXNativeTarget section */

/* Begin PBXProject section */
		6B3D01A21494E38F00ED6DCA /* Project object */ = {
			isa = PBXProject;
			attributes = {
				LastUpgradeCheck = 0420;
			};
			buildConfigurationList = 6B3D01A51494E38F00ED6DCA /* Build configuration list for PBXProject "NavigationBarDemo" */;
			compatibilityVersion = "Xcode 3.2";
			developmentRegion = English;
			hasScannedForEncodings = 0;
			knownRegions = (
				en,
			);
			mainGroup = 6B3D01A01494E38F00ED6DCA;
			productRefGroup = 6B3D01AC1494E38F00ED6DCA /* Products */;
			projectDirPath = "";
			projectRoot = "";
			targets = (
				6B3D01AA1494E38F00ED6DCA /* NavigationBarDemo */,
			);
		};
/* End PBXProject section */

/* Begin PBXResourcesBuildPhase section */
		6B3D01A91494E38F00ED6DCA /* Resources */ = {
			isa = PBXResourcesBuildPhase;
			buildActionMask = 2147483647;
			files = (
				6B3D01BA1494E38F00ED6DCA /* InfoPlist.strings in Resources */,
				6B3D01C61494E39000ED6DCA /* ViewController.xib in Resources */,
			);
			runOnlyForDeploymentPostprocessing = 0;
		};
/* End PBXResourcesBuildPhase section */

/* Begin PBXSourcesBuildPhase section */
		6B3D01A71494E38F00ED6DCA /* Sources */ = {
			isa = PBXSourcesBuildPhase;
			buildActionMask = 2147483647;
			files = (
				6B3D01BC1494E38F00ED6DCA /* main.m in Sources */,
				6B3D01C01494E38F00ED6DCA /* AppDelegate.m in Sources */,
				6B3D01C31494E38F00ED6DCA /* ViewController.m in Sources */,
			);
			runOnlyForDeploymentPostprocessing = 0;
		};
/* End PBXSourcesBuildPhase section */

/* Begin PBXVariantGroup section */
		6B3D01B81494E38F00ED6DCA /* InfoPlist.strings */ = {
			isa = PBXVariantGroup;
			children = (
				6B3D01B91494E38F00ED6DCA /* en */,
			);
			name = InfoPlist.strings;
			sourceTree = "<group>";
		};
		6B3D01C41494E38F00ED6DCA /* ViewController.xib */ = {
			isa = PBXVariantGroup;
			children = (
				6B3D01C51494E39000ED6DCA /* en */,
			);
			name = ViewController.xib;
			sourceTree = "<group>";
		};
/* End PBXVariantGroup section */

/* Begin XCBuildConfiguration section */
		6B3D01C71494E39000ED6DCA /* Debug */ = {
			isa = XCBuildConfiguration;
			buildSettings = {
				ALWAYS_SEARCH_USER_PATHS = NO;
				ARCHS = "$(ARCHS_STANDARD_32_BIT)";
				"CODE_SIGN_IDENTITY[sdk=iphoneos*]" = "iPhone Developer";
				COPY_PHASE_STRIP = NO;
				GCC_C_LANGUAGE_STANDARD = gnu99;
				GCC_DYNAMIC_NO_PIC = NO;
				GCC_OPTIMIZATION_LEVEL = 0;
				GCC_PREPROCESSOR_DEFINITIONS = (
					"DEBUG=1",
					"$(inherited)",
				);
				GCC_SYMBOLS_PRIVATE_EXTERN = NO;
				GCC_VERSION = com.apple.compilers.llvm.clang.1_0;
				GCC_WARN_ABOUT_MISSING_PROTOTYPES = YES;
				GCC_WARN_ABOUT_RETURN_TYPE = YES;
				GCC_WARN_UNUSED_VARIABLE = YES;
				IPHONEOS_DEPLOYMENT_TARGET = 5.0;
				SDKROOT = iphoneos;
			};
			name = Debug;
		};
		6B3D01C81494E39000ED6DCA /* Release */ = {
			isa = XCBuildConfiguration;
			buildSettings = {
				ALWAYS_SEARCH_USER_PATHS = NO;
				ARCHS = "$(ARCHS_STANDARD_32_BIT)";
				"CODE_SIGN_IDENTITY[sdk=iphoneos*]" = "iPhone Developer";
				COPY_PHASE_STRIP = YES;
				GCC_C_LANGUAGE_STANDARD = gnu99;
				GCC_VERSION = com.apple.compilers.llvm.clang.1_0;
				GCC_WARN_ABOUT_MISSING_PROTOTYPES = YES;
				GCC_WARN_ABOUT_RETURN_TYPE = YES;
				GCC_WARN_UNUSED_VARIABLE = YES;
				IPHONEOS_DEPLOYMENT_TARGET = 5.0;
				OTHER_CFLAGS = "-DNS_BLOCK_ASSERTIONS=1";
				SDKROOT = iphoneos;
				VALIDATE_PRODUCT = YES;
			};
			name = Release;
		};
		6B3D01CA1494E39000ED6DCA /* Debug */ = {
			isa = XCBuildConfiguration;
			buildSettings = {
				GCC_PRECOMPILE_PREFIX_HEADER = YES;
				GCC_PREFIX_HEADER = "NavigationBarDemo/NavigationBarDemo-Prefix.pch";
				INFOPLIST_FILE = "NavigationBarDemo/NavigationBarDemo-Info.plist";
				PRODUCT_NAME = "$(TARGET_NAME)";
				WRAPPER_EXTENSION = app;
			};
			name = Debug;
		};
		6B3D01CB1494E39000ED6DCA /* Release */ = {
			isa = XCBuildConfiguration;
			buildSettings = {
				GCC_PRECOMPILE_PREFIX_HEADER = YES;
				GCC_PREFIX_HEADER = "NavigationBarDemo/NavigationBarDemo-Prefix.pch";
				INFOPLIST_FILE = "NavigationBarDemo/NavigationBarDemo-Info.plist";
				PRODUCT_NAME = "$(TARGET_NAME)";
				WRAPPER_EXTENSION = app;
			};
			name = Release;
		};
/* End XCBuildConfiguration section */

/* Begin XCConfigurationList section */
		6B3D01A51494E38F00ED6DCA /* Build configuration list for PBXProject "NavigationBarDemo" */ = {
			isa = XCConfigurationList;
			buildConfigurations = (
				6B3D01C71494E39000ED6DCA /* Debug */,
				6B3D01C81494E39000ED6DCA /* Release */,
			);
			defaultConfigurationIsVisible = 0;
			defaultConfigurationName = Release;
		};
		6B3D01C91494E39000ED6DCA /* Build configuration list for PBXNativeTarget "NavigationBarDemo" */ = {
			isa = XCConfigurationList;
			buildConfigurations = (
				6B3D01CA1494E39000ED6DCA /* Debug */,
				6B3D01CB1494E39000ED6DCA /* Release */,
			);
			defaultConfigurationIsVisible = 0;
		};
/* End XCConfigurationList section */
	};
	rootObject = 6B3D01A21494E38F00ED6DCA /* Project object */;
}
